{
  "pins" : [
    {
      "identity" : "adaptysdk-ios",
      "kind" : "remoteSourceControl",
      "location" : "https://github.com/adaptyteam/AdaptySDK-iOS",
      "state" : {
        "revision" : "dc646737cf64bf955d6f87ff65dcf3f0ee6728a1",
        "version" : "3.15.5"
      }
    }
  ],
  "version" : 2
}
